{
  "name": "big",
  "version": "1.0.0",
  "lockfileVersion": 1,
  "requires": true,
  "dependencies": {
    "@pixi/accessibility": {
      "version": "5.2.3",
      "resolved": "https://registry.npmjs.org/@pixi/accessibility/-/accessibility-5.2.3.tgz",
      "integrity": "sha512-nQQFlLyk2puSNpNVwMLpbs0M3uDP4lud7E64KIFatayumFXTpmHBKZfZCo633EA240fKAgcZrG61RQ7HcH60UA==",
      "requires": {
        "@pixi/core": "5.2.3",
        "@pixi/display": "5.2.3",
        "@pixi/utils": "5.2.3"
      }
    },
    "@pixi/app": {
      "version": "5.2.3",
      "resolved": "https://registry.npmjs.org/@pixi/app/-/app-5.2.3.tgz",
      "integrity": "sha512-S/rCMg807X8aeAUztmhZ7AVhl8Ag9fwSWQZtcuIFBcfNbyxZreObrZ6MosQ0Br6zx+KY5MYf1pfVgp7dkRjQWA==",
      "requires": {
        "@pixi/core": "5.2.3",
        "@pixi/display": "5.2.3"
      }
    },
    "@pixi/constants": {
      "version": "5.2.3",
      "resolved": "https://registry.npmjs.org/@pixi/constants/-/constants-5.2.3.tgz",
      "integrity": "sha512-V3JmByBu+LXMg9F/18X8F2M7LzlMXlIGBLCkpBOJnoWpyeLl0aAFBQJ7QhkWe5RFMuJ8iEQLhscBtLGeSJKURA=="
    },
    "@pixi/core": {
      "version": "5.2.3",
      "resolved": "https://registry.npmjs.org/@pixi/core/-/core-5.2.3.tgz",
      "integrity": "sha512-hm3FWL+xg1nLgo55l2csYHTZxN1wnnpIAqii3MzUigR9ej8SfjYrZptG/OIr3H6UAlPFEH0z7rKJqrEI8JlXpA==",
      "requires": {
        "@pixi/constants": "5.2.3",
        "@pixi/display": "5.2.3",
        "@pixi/math": "5.2.3",
        "@pixi/runner": "5.2.3",
        "@pixi/settings": "5.2.3",
        "@pixi/ticker": "5.2.3",
        "@pixi/utils": "5.2.3"
      }
    },
    "@pixi/display": {
      "version": "5.2.3",
      "resolved": "https://registry.npmjs.org/@pixi/display/-/display-5.2.3.tgz",
      "integrity": "sha512-yXNnBGcm+NykzBCbb5AzVk+8jmCU3RZ3cfTM9WMX3JUm3B7JwCxLdXLH4SkNnA3isq7JNdW+5RoyRtpp3Y4dOQ==",
      "requires": {
        "@pixi/math": "5.2.3",
        "@pixi/settings": "5.2.3",
        "@pixi/utils": "5.2.3"
      }
    },
    "@pixi/extract": {
      "version": "5.2.3",
      "resolved": "https://registry.npmjs.org/@pixi/extract/-/extract-5.2.3.tgz",
      "integrity": "sha512-xzusqIUpeRoKlNz5H2IU5lJ6PsTV8gkCYaIpw7LOgrDeGomveWLfgK8GzGR7wFT2g9+fz8+C4cI1nzLVT4UOAA==",
      "requires": {
        "@pixi/core": "5.2.3",
        "@pixi/math": "5.2.3",
        "@pixi/utils": "5.2.3"
      }
    },
    "@pixi/filter-alpha": {
      "version": "5.2.3",
      "resolved": "https://registry.npmjs.org/@pixi/filter-alpha/-/filter-alpha-5.2.3.tgz",
      "integrity": "sha512-ZF9fA9qVlnN7q56rqS+nFmf6v1AWdXirtYBqDpwR2TOAZs2p7gS0kWT4yTK/GoIwn8PKysktZNUIb8XAwZiQ/g==",
      "requires": {
        "@pixi/core": "5.2.3"
      }
    },
    "@pixi/filter-blur": {
      "version": "5.2.3",
      "resolved": "https://registry.npmjs.org/@pixi/filter-blur/-/filter-blur-5.2.3.tgz",
      "integrity": "sha512-jAki6zNeRZtfvIKx+XtDUQfecHd51KZ4OdmvhSxOl3dmKE7EctLmFbsFf0pRUOuykX/97p5Ls8PATnrEA63c2A==",
      "requires": {
        "@pixi/core": "5.2.3",
        "@pixi/settings": "5.2.3"
      }
    },
    "@pixi/filter-color-matrix": {
      "version": "5.2.3",
      "resolved": "https://registry.npmjs.org/@pixi/filter-color-matrix/-/filter-color-matrix-5.2.3.tgz",
      "integrity": "sha512-efuTcL5LCIXaSZFcTnST4kJx/Qi/jgrNMAdToZLHR0SHy/JSkdtIv18Vkkvg0dlV3xepev1UE4v7pxs0KHMkhQ==",
      "requires": {
        "@pixi/core": "5.2.3"
      }
    },
    "@pixi/filter-displacement": {
      "version": "5.2.3",
      "resolved": "https://registry.npmjs.org/@pixi/filter-displacement/-/filter-displacement-5.2.3.tgz",
      "integrity": "sha512-19Qj4GFd1EhXgg91D4XZQG2opABDWHHo2+uENa8axRIlzgN/hdu+DYBoQJl+oKMT0q63uTa7RwJlnSNx/mW0Vw==",
      "requires": {
        "@pixi/core": "5.2.3",
        "@pixi/math": "5.2.3"
      }
    },
    "@pixi/filter-fxaa": {
      "version": "5.2.3",
      "resolved": "https://registry.npmjs.org/@pixi/filter-fxaa/-/filter-fxaa-5.2.3.tgz",
      "integrity": "sha512-1HxW22pSr7oR6DO9tmt66ULnxlOp07g6NrnzQfBv3PGhFdI+5vBMrAAeVnW0unLQeQmrS/eMwGMvLdjbmW12eA==",
      "requires": {
        "@pixi/core": "5.2.3"
      }
    },
    "@pixi/filter-noise": {
      "version": "5.2.3",
      "resolved": "https://registry.npmjs.org/@pixi/filter-noise/-/filter-noise-5.2.3.tgz",
      "integrity": "sha512-8NW61EVoSFyI4jBq5x72IlgOLlw3OLmldSHkPvkhT+jFmovyIlOxjTsr7aG7vag6rTwB+1Iz19bg2jQNALWtJA==",
      "requires": {
        "@pixi/core": "5.2.3"
      }
    },
    "@pixi/graphics": {
      "version": "5.2.3",
      "resolved": "https://registry.npmjs.org/@pixi/graphics/-/graphics-5.2.3.tgz",
      "integrity": "sha512-32xMgatlrLlznkyz+sTyuQuGDPsm+iRAHzr0idvA1mpHOLl0P7cMDu5bbCbk59GRz//BPsTef0aliMbmwZv3YA==",
      "requires": {
        "@pixi/constants": "5.2.3",
        "@pixi/core": "5.2.3",
        "@pixi/display": "5.2.3",
        "@pixi/math": "5.2.3",
        "@pixi/sprite": "5.2.3",
        "@pixi/utils": "5.2.3"
      }
    },
    "@pixi/interaction": {
      "version": "5.2.3",
      "resolved": "https://registry.npmjs.org/@pixi/interaction/-/interaction-5.2.3.tgz",
      "integrity": "sha512-dVjJRTNzpUOFNGvjiTqGDnLKvYJWoW7AU7DiGSTb0UVZ2exS0OTL3hzWiKFK8ZtZk/vxYEOG7DmCVvQNt3TyRQ==",
      "requires": {
        "@pixi/core": "5.2.3",
        "@pixi/display": "5.2.3",
        "@pixi/math": "5.2.3",
        "@pixi/ticker": "5.2.3",
        "@pixi/utils": "5.2.3"
      }
    },
    "@pixi/loaders": {
      "version": "5.2.3",
      "resolved": "https://registry.npmjs.org/@pixi/loaders/-/loaders-5.2.3.tgz",
      "integrity": "sha512-TIYIEnVdok1UOlf7UNu2lz+i0Hw6/NPzytMHqVisDgEdufGQdZ2OSWak38WR6dkZ2otGY4Vl/5fcLk2ABFOEQQ==",
      "requires": {
        "@pixi/core": "5.2.3",
        "@pixi/utils": "5.2.3",
        "resource-loader": "^3.0.1"
      }
    },
    "@pixi/math": {
      "version": "5.2.3",
      "resolved": "https://registry.npmjs.org/@pixi/math/-/math-5.2.3.tgz",
      "integrity": "sha512-Q8iYGca/2R23F/U1xyX9NWWccYFFYQ55KVvHIh3TsjszqXXs4KJrsUeuWy6BW/f1VMUKa5NUFFmO6RCLbkc/pw=="
    },
    "@pixi/mesh": {
      "version": "5.2.3",
      "resolved": "https://registry.npmjs.org/@pixi/mesh/-/mesh-5.2.3.tgz",
      "integrity": "sha512-zQeWhYBcafDYxZUj7DSN7L1+YnZBCiLL8f/9bjG6H02h6zTZxxyhjzCHof9K8Ne8r7FFAL3aU2l6Mhs3But0LA==",
      "requires": {
        "@pixi/constants": "5.2.3",
        "@pixi/core": "5.2.3",
        "@pixi/display": "5.2.3",
        "@pixi/math": "5.2.3",
        "@pixi/settings": "5.2.3",
        "@pixi/utils": "5.2.3"
      }
    },
    "@pixi/mesh-extras": {
      "version": "5.2.3",
      "resolved": "https://registry.npmjs.org/@pixi/mesh-extras/-/mesh-extras-5.2.3.tgz",
      "integrity": "sha512-M0aOESd/B+liP4o1otBakY3I9ySbPXP+KjQXnUS8NY7i+vXccoh/7Zv2edkdD+kUCMQ1wlmczOcAeqDe1k6wGA==",
      "requires": {
        "@pixi/constants": "5.2.3",
        "@pixi/core": "5.2.3",
        "@pixi/math": "5.2.3",
        "@pixi/mesh": "5.2.3",
        "@pixi/utils": "5.2.3"
      }
    },
    "@pixi/mixin-cache-as-bitmap": {
      "version": "5.2.3",
      "resolved": "https://registry.npmjs.org/@pixi/mixin-cache-as-bitmap/-/mixin-cache-as-bitmap-5.2.3.tgz",
      "integrity": "sha512-rLwWt2YuGf3+byhYqpTjfvr9IsDHolEN8Yn8FWD3P+GZ6xLo5VrfygrtytDsdUrJUUp90zdFrmM27geF77/umw==",
      "requires": {
        "@pixi/core": "5.2.3",
        "@pixi/display": "5.2.3",
        "@pixi/math": "5.2.3",
        "@pixi/settings": "5.2.3",
        "@pixi/sprite": "5.2.3",
        "@pixi/utils": "5.2.3"
      }
    },
    "@pixi/mixin-get-child-by-name": {
      "version": "5.2.3",
      "resolved": "https://registry.npmjs.org/@pixi/mixin-get-child-by-name/-/mixin-get-child-by-name-5.2.3.tgz",
      "integrity": "sha512-OURXQeUiLgBOpzsgrkiAuaJbcC6YtpIUGaaRj9y/aQgheBXRbUVYuDjudIMpn+DnuUzilwkNxtRNtZw6LC9cjA==",
      "requires": {
        "@pixi/display": "5.2.3"
      }
    },
    "@pixi/mixin-get-global-position": {
      "version": "5.2.3",
      "resolved": "https://registry.npmjs.org/@pixi/mixin-get-global-position/-/mixin-get-global-position-5.2.3.tgz",
      "integrity": "sha512-EDuSJlAMM47X/KeHpnAp9fLwjGH5ta0Pi8NFNi5X00hLFF68x6A1zbXl1b95mRmFbB1+1gwM9nbZUvx4OPJ9Cg==",
      "requires": {
        "@pixi/display": "5.2.3",
        "@pixi/math": "5.2.3"
      }
    },
    "@pixi/particles": {
      "version": "5.2.3",
      "resolved": "https://registry.npmjs.org/@pixi/particles/-/particles-5.2.3.tgz",
      "integrity": "sha512-gY+qNS2cq4v+c2didQqZeUXsm9ALI6tekapZQntjSx4C8lxVuGAgAnwzu1/OxMps1pnotBPos3hwPSP1LFw79A==",
      "requires": {
        "@pixi/constants": "5.2.3",
        "@pixi/core": "5.2.3",
        "@pixi/display": "5.2.3",
        "@pixi/math": "5.2.3",
        "@pixi/utils": "5.2.3"
      }
    },
    "@pixi/polyfill": {
      "version": "5.2.3",
      "resolved": "https://registry.npmjs.org/@pixi/polyfill/-/polyfill-5.2.3.tgz",
      "integrity": "sha512-qtzETW6QM/CuWH6FfjNyukoyPuy/R0FvtBYn5XclNQmJez83vVRBVoCvAAOyUCV5H9oV3694Ltd7U4or9DTrmg==",
      "requires": {
        "es6-promise-polyfill": "^1.2.0",
        "object-assign": "^4.1.1"
      }
    },
    "@pixi/prepare": {
      "version": "5.2.3",
      "resolved": "https://registry.npmjs.org/@pixi/prepare/-/prepare-5.2.3.tgz",
      "integrity": "sha512-/s6IjOSJ0U9D30n9jFCpZ6D6G1K9mGR31krouqdt22HAVzLGMFDkFVrcP2TEPPtPXYQyro72KOD9JW/hH3AjpA==",
      "requires": {
        "@pixi/core": "5.2.3",
        "@pixi/display": "5.2.3",
        "@pixi/graphics": "5.2.3",
        "@pixi/settings": "5.2.3",
        "@pixi/text": "5.2.3",
        "@pixi/ticker": "5.2.3"
      }
    },
    "@pixi/runner": {
      "version": "5.2.3",
      "resolved": "https://registry.npmjs.org/@pixi/runner/-/runner-5.2.3.tgz",
      "integrity": "sha512-/7pe7eakf5LKcAUmW1SdqEvejPN0Nx+gl4kSptYFaMGd2ukYvMA4Z584vnrEZ1fFWm5Pom74lzwGglwwTTbdXg=="
    },
    "@pixi/settings": {
      "version": "5.2.3",
      "resolved": "https://registry.npmjs.org/@pixi/settings/-/settings-5.2.3.tgz",
      "integrity": "sha512-OKaYz251JmVg+MBF068scuYNxSnoSfTlpc4cPNzzelBJMmyeskgKDwLemZMstZIFQY/ytSlTYxaGAp/GZnvHiw==",
      "requires": {
        "ismobilejs": "^1.1.0"
      }
    },
    "@pixi/sprite": {
      "version": "5.2.3",
      "resolved": "https://registry.npmjs.org/@pixi/sprite/-/sprite-5.2.3.tgz",
      "integrity": "sha512-Xc7GZtepHalRH+ER22R0Bioj78f9gDrXlLpLk7EnEaCPVuqftg/E8n2clxGkBh5jDVs0SyKBF8pg4n841MszeA==",
      "requires": {
        "@pixi/constants": "5.2.3",
        "@pixi/core": "5.2.3",
        "@pixi/display": "5.2.3",
        "@pixi/math": "5.2.3",
        "@pixi/settings": "5.2.3",
        "@pixi/utils": "5.2.3"
      }
    },
    "@pixi/sprite-animated": {
      "version": "5.2.3",
      "resolved": "https://registry.npmjs.org/@pixi/sprite-animated/-/sprite-animated-5.2.3.tgz",
      "integrity": "sha512-a1cyOKuTBO28kATFk84IJCHSspj5+CaO1yyrYLhQoF01QQl3dYFJwor1TFIn5AeO2ioRSZxFU64SmQTanwJLpw==",
      "requires": {
        "@pixi/core": "5.2.3",
        "@pixi/sprite": "5.2.3",
        "@pixi/ticker": "5.2.3"
      }
    },
    "@pixi/sprite-tiling": {
      "version": "5.2.3",
      "resolved": "https://registry.npmjs.org/@pixi/sprite-tiling/-/sprite-tiling-5.2.3.tgz",
      "integrity": "sha512-e50E4EdudGJplJ4kljw4/b8cYZa+JGpLDW/wFSGnxW8DABezFVKdP/DTJ8nO6kMGTGufznDL6ujE9bh5cdAxhQ==",
      "requires": {
        "@pixi/constants": "5.2.3",
        "@pixi/core": "5.2.3",
        "@pixi/display": "5.2.3",
        "@pixi/math": "5.2.3",
        "@pixi/sprite": "5.2.3",
        "@pixi/utils": "5.2.3"
      }
    },
    "@pixi/spritesheet": {
      "version": "5.2.3",
      "resolved": "https://registry.npmjs.org/@pixi/spritesheet/-/spritesheet-5.2.3.tgz",
      "integrity": "sha512-eUNCv2ZaDqZLUWXkzDfIAeMVyYzdgC5B5x0HRfHhV4m3GScXq+wQjFCSQKJZDKwQFKKDVkPzOOoHrgydAvytQQ==",
      "requires": {
        "@pixi/core": "5.2.3",
        "@pixi/loaders": "5.2.3",
        "@pixi/math": "5.2.3",
        "@pixi/utils": "5.2.3"
      }
    },
    "@pixi/text": {
      "version": "5.2.3",
      "resolved": "https://registry.npmjs.org/@pixi/text/-/text-5.2.3.tgz",
      "integrity": "sha512-lLU9ZIBi2L03qFciMmSN8Bw0loqYN99Q40IH4peGjJbl8IwNkzj8kP767Pgzv2kw6iXI/NE/hqN0enI54Ha3gA==",
      "requires": {
        "@pixi/core": "5.2.3",
        "@pixi/math": "5.2.3",
        "@pixi/settings": "5.2.3",
        "@pixi/sprite": "5.2.3",
        "@pixi/utils": "5.2.3"
      }
    },
    "@pixi/text-bitmap": {
      "version": "5.2.3",
      "resolved": "https://registry.npmjs.org/@pixi/text-bitmap/-/text-bitmap-5.2.3.tgz",
      "integrity": "sha512-2laE08rwlDW+6S7Jkk2OLdwRYUiNmFOzODzcQPGuCx2PULxErjBVI95ezEds5SXkUlWeo7xlFiAf93fDl/H16w==",
      "requires": {
        "@pixi/core": "5.2.3",
        "@pixi/display": "5.2.3",
        "@pixi/loaders": "5.2.3",
        "@pixi/math": "5.2.3",
        "@pixi/settings": "5.2.3",
        "@pixi/sprite": "5.2.3",
        "@pixi/utils": "5.2.3"
      }
    },
    "@pixi/ticker": {
      "version": "5.2.3",
      "resolved": "https://registry.npmjs.org/@pixi/ticker/-/ticker-5.2.3.tgz",
      "integrity": "sha512-Q0VAN/JlWF61kKBdJhkdNIIeWHksOH9p4CwR9cVUyPnEcoWjKOI0xZpALKCZ0vx0pfzYPRkyJKM/qkA2EzRlOg==",
      "requires": {
        "@pixi/settings": "5.2.3"
      }
    },
    "@pixi/utils": {
      "version": "5.2.3",
      "resolved": "https://registry.npmjs.org/@pixi/utils/-/utils-5.2.3.tgz",
      "integrity": "sha512-/dZ65Wim8XTrOXS/FKKXahmSAPSV/gCGI9EK3bvr6V93iiIU0LUYRkT+uWFShiebmW6GCp35CziyHyzDz/ISIQ==",
      "requires": {
        "@pixi/constants": "5.2.3",
        "@pixi/settings": "5.2.3",
        "earcut": "^2.1.5",
        "eventemitter3": "^3.1.0",
        "url": "^0.11.0"
      }
    },
    "big.js": {
      "version": "5.2.2",
      "resolved": "https://registry.npmjs.org/big.js/-/big.js-5.2.2.tgz",
      "integrity": "sha512-vyL2OymJxmarO8gxMr0mhChsO9QGwhynfuu4+MHTAW6czfq9humCB7rKpUjDd9YUiDPU4mzpyupFSvOClAwbmQ=="
    },
    "core-js": {
      "version": "3.6.5",
      "resolved": "https://registry.npmjs.org/core-js/-/core-js-3.6.5.tgz",
      "integrity": "sha512-vZVEEwZoIsI+vPEuoF9Iqf5H7/M3eeQqWlQnYa8FSKKePuYTf5MWnxb5SDAzCa60b3JBRS5g9b+Dq7b1y/RCrA=="
    },
    "earcut": {
      "version": "2.2.2",
      "resolved": "https://registry.npmjs.org/earcut/-/earcut-2.2.2.tgz",
      "integrity": "sha512-eZoZPPJcUHnfRZ0PjLvx2qBordSiO8ofC3vt+qACLM95u+4DovnbYNpQtJh0DNsWj8RnxrQytD4WA8gj5cRIaQ=="
    },
    "emojis-list": {
      "version": "3.0.0",
      "resolved": "https://registry.npmjs.org/emojis-list/-/emojis-list-3.0.0.tgz",
      "integrity": "sha512-/kyM18EfinwXZbno9FyUGeFh87KC8HRQBQGildHZbEuRyWFOmv1U10o9BBp8XVZDVNNuQKyIGIu5ZYAAXJ0V2Q=="
    },
    "es6-promise-polyfill": {
      "version": "1.2.0",
      "resolved": "https://registry.npmjs.org/es6-promise-polyfill/-/es6-promise-polyfill-1.2.0.tgz",
      "integrity": "sha1-84kl8jyz4+jObNqP93T867sJDN4="
    },
    "eventemitter3": {
      "version": "3.1.2",
      "resolved": "https://registry.npmjs.org/eventemitter3/-/eventemitter3-3.1.2.tgz",
      "integrity": "sha512-tvtQIeLVHjDkJYnzf2dgVMxfuSGJeM/7UCG17TT4EumTfNtF+0nebF/4zWOIkCreAbtNqhGEboB6BWrwqNaw4Q=="
    },
    "exports-loader": {
      "version": "0.7.0",
      "resolved": "https://registry.npmjs.org/exports-loader/-/exports-loader-0.7.0.tgz",
      "integrity": "sha512-RKwCrO4A6IiKm0pG3c9V46JxIHcDplwwGJn6+JJ1RcVnh/WSGJa0xkmk5cRVtgOPzCAtTMGj2F7nluh9L0vpSA==",
      "requires": {
        "loader-utils": "^1.1.0",
        "source-map": "0.5.0"
      }
    },
    "imports-loader": {
      "version": "0.8.0",
      "resolved": "https://registry.npmjs.org/imports-loader/-/imports-loader-0.8.0.tgz",
      "integrity": "sha512-kXWL7Scp8KQ4552ZcdVTeaQCZSLW+e6nJfp3cwUMB673T7Hr98Xjx5JK+ql7ADlJUvj1JS5O01RLbKoutN5QDQ==",
      "requires": {
        "loader-utils": "^1.0.2",
        "source-map": "^0.6.1"
      },
      "dependencies": {
        "source-map": {
          "version": "0.6.1",
          "resolved": "https://registry.npmjs.org/source-map/-/source-map-0.6.1.tgz",
          "integrity": "sha512-UjgapumWlbMhkBgzT7Ykc5YXUT46F0iKu8SGXq0bcwP5dz/h0Plj6enJqjz1Zbq2l5WaqYnrVbwWOWMyF3F47g=="
        }
      }
    },
    "inherits": {
      "version": "2.0.3",
      "resolved": "https://registry.npmjs.org/inherits/-/inherits-2.0.3.tgz",
      "integrity": "sha1-Yzwsg+PaQqUC9SRmAiSA9CCCYd4="
    },
    "ismobilejs": {
      "version": "1.1.1",
      "resolved": "https://registry.npmjs.org/ismobilejs/-/ismobilejs-1.1.1.tgz",
      "integrity": "sha512-VaFW53yt8QO61k2WJui0dHf4SlL8lxBofUuUmwBo0ljPk0Drz2TiuDW4jo3wDcv41qy/SxrJ+VAzJ/qYqsmzRw=="
    },
    "jquery": {
      "version": "3.5.0",
      "resolved": "https://registry.npmjs.org/jquery/-/jquery-3.5.0.tgz",
      "integrity": "sha512-Xb7SVYMvygPxbFMpTFQiHh1J7HClEaThguL15N/Gg37Lri/qKyhRGZYzHRyLH8Stq3Aow0LsHO2O2ci86fCrNQ=="
    },
    "json5": {
      "version": "1.0.2",
      "resolved": "https://registry.npmjs.org/json5/-/json5-1.0.2.tgz",
      "integrity": "sha512-g1MWMLBiz8FKi1e4w0UyVL3w+iJceWAFBAaBnnGKOpNa5f8TLktkbre1+s6oICydWAm+HRUGTmI+//xv2hvXYA==",
      "requires": {
        "minimist": "^1.2.0"
      }
    },
    "loader-utils": {
      "version": "1.4.0",
      "resolved": "https://registry.npmjs.org/loader-utils/-/loader-utils-1.4.0.tgz",
      "integrity": "sha512-qH0WSMBtn/oHuwjy/NucEgbx5dbxxnxup9s4PVXJUDHZBQY+s0NWA9rJf53RBnQZxfch7euUui7hpoAPvALZdA==",
      "requires": {
        "big.js": "^5.2.2",
        "emojis-list": "^3.0.0",
        "json5": "^1.0.1"
      }
    },
    "lodash-es": {
      "version": "4.17.15",
      "resolved": "https://registry.npmjs.org/lodash-es/-/lodash-es-4.17.15.tgz",
      "integrity": "sha512-rlrc3yU3+JNOpZ9zj5pQtxnx2THmvRykwL4Xlxoa8I9lHBlVbbyPhgyPMioxVZ4NqyxaVVtaJnzsyOidQIhyyQ=="
    },
    "mini-signals": {
      "version": "1.2.0",
      "resolved": "https://registry.npmjs.org/mini-signals/-/mini-signals-1.2.0.tgz",
      "integrity": "sha1-RbCAE8X65RokqhqTXNMXye1yHXQ="
    },
    "minimist": {
      "version": "1.2.5",
      "resolved": "https://registry.npmjs.org/minimist/-/minimist-1.2.5.tgz",
      "integrity": "sha512-FM9nNUYrRBAELZQT3xeZQ7fmMOBg6nWNmJKTcgsJeaLstP/UODVpGsr5OhXhhXg6f+qtJ8uiZ+PUxkDWcgIXLw=="
    },
    "moment": {
      "version": "2.24.0",
      "resolved": "https://registry.npmjs.org/moment/-/moment-2.24.0.tgz",
      "integrity": "sha512-bV7f+6l2QigeBBZSM/6yTNq4P2fNpSWj/0e7jQcy87A8e7o2nAfP/34/2ky5Vw4B9S446EtIhodAzkFCcR4dQg=="
    },
    "object-assign": {
      "version": "4.1.1",
      "resolved": "https://registry.npmjs.org/object-assign/-/object-assign-4.1.1.tgz",
      "integrity": "sha1-IQmtx5ZYh8/AXLvUQsrIv7s2CGM="
    },
    "parse-uri": {
      "version": "1.0.0",
      "resolved": "https://registry.npmjs.org/parse-uri/-/parse-uri-1.0.0.tgz",
      "integrity": "sha1-KHLcwi8aeXrN4Vg9igrClVLdrCA="
    },
    "path": {
      "version": "0.12.7",
      "resolved": "https://registry.npmjs.org/path/-/path-0.12.7.tgz",
      "integrity": "sha1-1NwqUGxM4hl+tIHr/NWzbAFAsQ8=",
      "requires": {
        "process": "^0.11.1",
        "util": "^0.10.3"
      }
    },
    "phaser": {
      "version": "3.23.0",
      "resolved": "https://registry.npmjs.org/phaser/-/phaser-3.23.0.tgz",
      "integrity": "sha512-tl8dZT5onDxor8Yf+QjxAk2fY4E0vy3oxc+ZsZiI8ppDwr3gWz7XA6hjVRnmEbAF64NcjRwWLU80VvKLi81VtQ==",
      "requires": {
        "eventemitter3": "^3.1.0",
        "exports-loader": "^0.7.0",
        "imports-loader": "^0.8.0",
        "path": "^0.12.7"
      }
    },
    "pixi.js": {
      "version": "5.2.3",
      "resolved": "https://registry.npmjs.org/pixi.js/-/pixi.js-5.2.3.tgz",
      "integrity": "sha512-SHS0QEBBAOpYnrXAVOb8KfQbPaqufAVfER7HKG40WrsgN+YaK9LK2lsgdX4HMLYG7xkeWaydNMwOQIybhnzECw==",
      "requires": {
        "@pixi/accessibility": "5.2.3",
        "@pixi/app": "5.2.3",
        "@pixi/constants": "5.2.3",
        "@pixi/core": "5.2.3",
        "@pixi/display": "5.2.3",
        "@pixi/extract": "5.2.3",
        "@pixi/filter-alpha": "5.2.3",
        "@pixi/filter-blur": "5.2.3",
        "@pixi/filter-color-matrix": "5.2.3",
        "@pixi/filter-displacement": "5.2.3",
        "@pixi/filter-fxaa": "5.2.3",
        "@pixi/filter-noise": "5.2.3",
        "@pixi/graphics": "5.2.3",
        "@pixi/interaction": "5.2.3",
        "@pixi/loaders": "5.2.3",
        "@pixi/math": "5.2.3",
        "@pixi/mesh": "5.2.3",
        "@pixi/mesh-extras": "5.2.3",
        "@pixi/mixin-cache-as-bitmap": "5.2.3",
        "@pixi/mixin-get-child-by-name": "5.2.3",
        "@pixi/mixin-get-global-position": "5.2.3",
        "@pixi/particles": "5.2.3",
        "@pixi/polyfill": "5.2.3",
        "@pixi/prepare": "5.2.3",
        "@pixi/runner": "5.2.3",
        "@pixi/settings": "5.2.3",
        "@pixi/sprite": "5.2.3",
        "@pixi/sprite-animated": "5.2.3",
        "@pixi/sprite-tiling": "5.2.3",
        "@pixi/spritesheet": "5.2.3",
        "@pixi/text": "5.2.3",
        "@pixi/text-bitmap": "5.2.3",
        "@pixi/ticker": "5.2.3",
        "@pixi/utils": "5.2.3"
      }
    },
    "process": {
      "version": "0.11.10",
      "resolved": "https://registry.npmjs.org/process/-/process-0.11.10.tgz",
      "integrity": "sha1-czIwDoQBYb2j5podHZGn1LwW8YI="
    },
    "punycode": {
      "version": "1.3.2",
      "resolved": "https://registry.npmjs.org/punycode/-/punycode-1.3.2.tgz",
      "integrity": "sha1-llOgNvt8HuQjQvIyXM7v6jkmxI0="
    },
    "querystring": {
      "version": "0.2.0",
      "resolved": "https://registry.npmjs.org/querystring/-/querystring-0.2.0.tgz",
      "integrity": "sha1-sgmEkgO7Jd+CDadW50cAWHhSFiA="
    },
    "resource-loader": {
      "version": "3.0.1",
      "resolved": "https://registry.npmjs.org/resource-loader/-/resource-loader-3.0.1.tgz",
      "integrity": "sha512-fBuCRbEHdLCI1eglzQhUv9Rrdcmqkydr1r6uHE2cYHvRBrcLXeSmbE/qI/urFt8rPr/IGxir3BUwM5kUK8XoyA==",
      "requires": {
        "mini-signals": "^1.2.0",
        "parse-uri": "^1.0.0"
      }
    },
    "source-map": {
      "version": "0.5.0",
      "resolved": "https://registry.npmjs.org/source-map/-/source-map-0.5.0.tgz",
      "integrity": "sha1-D+llA6yGpa213mP05BKuSHLNvoY="
    },
    "three": {
      "version": "0.115.0",
      "resolved": "https://registry.npmjs.org/three/-/three-0.115.0.tgz",
      "integrity": "sha512-mAV2Ky3RdcbdSbR9capI+tKLvRldWYxd4151PZTT/o7+U2jh9Is3a4KmnYwzyUAhB2ZA3pXSgCd2DOY4Tj5kow=="
    },
    "url": {
      "version": "0.11.0",
      "resolved": "https://registry.npmjs.org/url/-/url-0.11.0.tgz",
      "integrity": "sha1-ODjpfPxgUh63PFJajlW/3Z4uKPE=",
      "requires": {
        "punycode": "1.3.2",
        "querystring": "0.2.0"
      }
    },
    "util": {
      "version": "0.10.4",
      "resolved": "https://registry.npmjs.org/util/-/util-0.10.4.tgz",
      "integrity": "sha512-0Pm9hTQ3se5ll1XihRic3FDIku70C+iHUdT/W926rSgHV5QgXsYbKZN8MSC3tJtSkhuROzvsQjAaFENRXr+19A==",
      "requires": {
        "inherits": "2.0.3"
      }
    }
  }
}
