{
  "name": "big",
  "version": "1.0.0",
  "lockfileVersion": 1,
  "requires": true,
  "dependencies": {
    "@pixi/accessibility": {
      "version": "5.2.1",
      "resolved": "https://registry.npmjs.org/@pixi/accessibility/-/accessibility-5.2.1.tgz",
      "integrity": "sha512-X6pu50NDdApR7ppGGpB6LzZFVUqnrfLmpNYMVHtzmlMGc0JnpwI9NYTTjGrMpBtkra8Y8HN4aGT4Sa+cfc1BaA==",
      "requires": {
        "@pixi/core": "5.2.1",
        "@pixi/display": "5.2.1",
        "@pixi/utils": "5.2.1"
      }
    },
    "@pixi/app": {
      "version": "5.2.1",
      "resolved": "https://registry.npmjs.org/@pixi/app/-/app-5.2.1.tgz",
      "integrity": "sha512-KPZ6fa324BspRTumU1Cdo2QANIu01COLcKBa3CpofHHXc5ayRDQDFiJnMpKMPYMDIPfKZeNt5aVwW0yVFB3iNQ==",
      "requires": {
        "@pixi/core": "5.2.1",
        "@pixi/display": "5.2.1"
      }
    },
    "@pixi/constants": {
      "version": "5.2.1",
      "resolved": "https://registry.npmjs.org/@pixi/constants/-/constants-5.2.1.tgz",
      "integrity": "sha512-RYeP1Q5R6qVyVioM00/fhGXFAhJjD+mJW4+TOiNZQASKP0t6wF51yuIfROEIxf5a6I6INOB3aSit1jUkSpYgTA=="
    },
    "@pixi/core": {
      "version": "5.2.1",
      "resolved": "https://registry.npmjs.org/@pixi/core/-/core-5.2.1.tgz",
      "integrity": "sha512-kREyWm87C4xZtdlw+otX+U/xJZhDUQyY/UHirbBwkO0LeAfrJm3qNyMfFZTcyW4PvmF16989IjvjGAWSeZSIQw==",
      "requires": {
        "@pixi/constants": "5.2.1",
        "@pixi/display": "5.2.1",
        "@pixi/math": "5.2.1",
        "@pixi/runner": "5.2.1",
        "@pixi/settings": "5.2.1",
        "@pixi/ticker": "5.2.1",
        "@pixi/utils": "5.2.1"
      }
    },
    "@pixi/display": {
      "version": "5.2.1",
      "resolved": "https://registry.npmjs.org/@pixi/display/-/display-5.2.1.tgz",
      "integrity": "sha512-tr++p14im8KBzZHxMtM/E2Q7FWHYp9bjjDl+rA1b91HSN/vUJu1OlkUoCN4x7TyfkVtDPnrglhZykf7d93Nl9A==",
      "requires": {
        "@pixi/math": "5.2.1",
        "@pixi/settings": "5.2.1",
        "@pixi/utils": "5.2.1"
      }
    },
    "@pixi/extract": {
      "version": "5.2.1",
      "resolved": "https://registry.npmjs.org/@pixi/extract/-/extract-5.2.1.tgz",
      "integrity": "sha512-Ol5ypGFNIj4nfp8zO5F//nwi7YilyP+esul3nDgPQdemTY5aothnXIWxdglqT54Glz/jcRd0z7UHL5tiiwV9JQ==",
      "requires": {
        "@pixi/core": "5.2.1",
        "@pixi/math": "5.2.1",
        "@pixi/utils": "5.2.1"
      }
    },
    "@pixi/filter-alpha": {
      "version": "5.2.1",
      "resolved": "https://registry.npmjs.org/@pixi/filter-alpha/-/filter-alpha-5.2.1.tgz",
      "integrity": "sha512-gqd8AQfej3HBdAXuRFku8HZx8pys7Klt5NJx78Du8ONyFnSrSSbZCgzctrqyrY396hXDkkcLyIL/Pi1sjN9pnw==",
      "requires": {
        "@pixi/core": "5.2.1"
      }
    },
    "@pixi/filter-blur": {
      "version": "5.2.1",
      "resolved": "https://registry.npmjs.org/@pixi/filter-blur/-/filter-blur-5.2.1.tgz",
      "integrity": "sha512-9TkJ3qpJAOvYiJILV7Eo2olb0tuEognpIQYGC0WDAwh/hLJAlp4xXCe1ZZyoTM75gNEgiQgzmbOIqx8Se5yI4w==",
      "requires": {
        "@pixi/core": "5.2.1",
        "@pixi/settings": "5.2.1"
      }
    },
    "@pixi/filter-color-matrix": {
      "version": "5.2.1",
      "resolved": "https://registry.npmjs.org/@pixi/filter-color-matrix/-/filter-color-matrix-5.2.1.tgz",
      "integrity": "sha512-alxpRXa7VVB9fcOq41AowH3/m/SdNmhKzoIdV5xQYfeLF+qRjJTP4DjiW0QuSqlY/zydSKLOEPj+hG3/onX/Qg==",
      "requires": {
        "@pixi/core": "5.2.1"
      }
    },
    "@pixi/filter-displacement": {
      "version": "5.2.1",
      "resolved": "https://registry.npmjs.org/@pixi/filter-displacement/-/filter-displacement-5.2.1.tgz",
      "integrity": "sha512-WGO9Qv/+jLsOLLN0TZV8Jx8Il4/GChXGYZTQkF0YfAHYt/wx9OeFjR38KDVLzvIcRZhDuTZ4SUyfxkjdXPaBZQ==",
      "requires": {
        "@pixi/core": "5.2.1",
        "@pixi/math": "5.2.1"
      }
    },
    "@pixi/filter-fxaa": {
      "version": "5.2.1",
      "resolved": "https://registry.npmjs.org/@pixi/filter-fxaa/-/filter-fxaa-5.2.1.tgz",
      "integrity": "sha512-eQgYCNYCTjJ5sB/PypU9RvnSsaM7mmsGy/CdTZigMM1qWW5zAvO3xrENwKAaVR8H23lqHw4mZoePdEnKt8cAfg==",
      "requires": {
        "@pixi/core": "5.2.1"
      }
    },
    "@pixi/filter-noise": {
      "version": "5.2.1",
      "resolved": "https://registry.npmjs.org/@pixi/filter-noise/-/filter-noise-5.2.1.tgz",
      "integrity": "sha512-Q0SLTiSvwxiwrNAhELescxTol3rn4Qvl6iq32rZ+0bPKnu9GkDWn3O/qBiDhfVVbYRk/nBai+UE+lIUxK7JFsw==",
      "requires": {
        "@pixi/core": "5.2.1"
      }
    },
    "@pixi/graphics": {
      "version": "5.2.1",
      "resolved": "https://registry.npmjs.org/@pixi/graphics/-/graphics-5.2.1.tgz",
      "integrity": "sha512-cyeG+gOJGruDZJIFnrLkojcsl+PSEobbuJ3HcmoNgemo4gmLC6c+zOoD8I5LFFzLXgrUVD0Y4WjOgM0ptH/4vg==",
      "requires": {
        "@pixi/constants": "5.2.1",
        "@pixi/core": "5.2.1",
        "@pixi/display": "5.2.1",
        "@pixi/math": "5.2.1",
        "@pixi/sprite": "5.2.1",
        "@pixi/utils": "5.2.1"
      }
    },
    "@pixi/interaction": {
      "version": "5.2.1",
      "resolved": "https://registry.npmjs.org/@pixi/interaction/-/interaction-5.2.1.tgz",
      "integrity": "sha512-sYFZGkseJGgQ+4Z/wJGklz8JNOf+Ih5l1+eeBly0irHsouPw9+LoSCCTVTCG4Lg7Ir/NBEr5vD7kfB7PsRADHw==",
      "requires": {
        "@pixi/core": "5.2.1",
        "@pixi/display": "5.2.1",
        "@pixi/math": "5.2.1",
        "@pixi/ticker": "5.2.1",
        "@pixi/utils": "5.2.1"
      }
    },
    "@pixi/loaders": {
      "version": "5.2.1",
      "resolved": "https://registry.npmjs.org/@pixi/loaders/-/loaders-5.2.1.tgz",
      "integrity": "sha512-XhmGD0+svS9MzqGXzcl8y0HCWk2NWqmSYDse9wwD1jIwpygU4Q5rrrqZE3OrUYt6xEP4IZXfiVAnfAJdUDtrzA==",
      "requires": {
        "@pixi/core": "5.2.1",
        "@pixi/utils": "5.2.1",
        "resource-loader": "^3.0.1"
      }
    },
    "@pixi/math": {
      "version": "5.2.1",
      "resolved": "https://registry.npmjs.org/@pixi/math/-/math-5.2.1.tgz",
      "integrity": "sha512-rsAXNk0uPvog51sdmBmbRBXoN30pZLjboHLNb7s5mfuCWkMgdR/UFdbLFzd+3dwsgpFvawFuKtbQbwO0McXn+g=="
    },
    "@pixi/mesh": {
      "version": "5.2.1",
      "resolved": "https://registry.npmjs.org/@pixi/mesh/-/mesh-5.2.1.tgz",
      "integrity": "sha512-IAiDrdlAEi/B1jMlz8XqzMeI6wObm9WHXg+xqXA/Nwo12Ru8W3IiXgItNYFhSXbqVm0n/zTLdHtN589w3yyEVg==",
      "requires": {
        "@pixi/constants": "5.2.1",
        "@pixi/core": "5.2.1",
        "@pixi/display": "5.2.1",
        "@pixi/math": "5.2.1",
        "@pixi/settings": "5.2.1",
        "@pixi/utils": "5.2.1"
      }
    },
    "@pixi/mesh-extras": {
      "version": "5.2.1",
      "resolved": "https://registry.npmjs.org/@pixi/mesh-extras/-/mesh-extras-5.2.1.tgz",
      "integrity": "sha512-x2waRYkAH+yuEBQh7/LRKxoQLtl7z3gL2xZ/Jd9PdL9jFvae65d5/BCbRUt4YIeqL8sF7GWN0yjiDaAXvzLUNw==",
      "requires": {
        "@pixi/constants": "5.2.1",
        "@pixi/core": "5.2.1",
        "@pixi/math": "5.2.1",
        "@pixi/mesh": "5.2.1",
        "@pixi/utils": "5.2.1"
      }
    },
    "@pixi/mixin-cache-as-bitmap": {
      "version": "5.2.1",
      "resolved": "https://registry.npmjs.org/@pixi/mixin-cache-as-bitmap/-/mixin-cache-as-bitmap-5.2.1.tgz",
      "integrity": "sha512-ev87bp3oLt8563HF6JR43IOg9DAVAvT5ohF78P6md38hwyBZR8UYu+sZZmwmkR0o01ppLo23SOACJR6GQ5a5oA==",
      "requires": {
        "@pixi/core": "5.2.1",
        "@pixi/display": "5.2.1",
        "@pixi/math": "5.2.1",
        "@pixi/settings": "5.2.1",
        "@pixi/sprite": "5.2.1",
        "@pixi/utils": "5.2.1"
      }
    },
    "@pixi/mixin-get-child-by-name": {
      "version": "5.2.1",
      "resolved": "https://registry.npmjs.org/@pixi/mixin-get-child-by-name/-/mixin-get-child-by-name-5.2.1.tgz",
      "integrity": "sha512-Hb9qmexAhHKhkbtKPpJG+dK2t0rKlbbVCgiGLsSQkhpuCVFBoIVplq2tKQOB0VzUHa/Olzub+DNEPxJ05rRbjA==",
      "requires": {
        "@pixi/display": "5.2.1"
      }
    },
    "@pixi/mixin-get-global-position": {
      "version": "5.2.1",
      "resolved": "https://registry.npmjs.org/@pixi/mixin-get-global-position/-/mixin-get-global-position-5.2.1.tgz",
      "integrity": "sha512-XiJPLNzcXxuygDM+QFp4tGNwjYL/E4IMcc55n0v+2Y+WJalTWssC6qcj343HU+CVvpc2DG/arFk5/bhwXDGhvg==",
      "requires": {
        "@pixi/display": "5.2.1",
        "@pixi/math": "5.2.1"
      }
    },
    "@pixi/particles": {
      "version": "5.2.1",
      "resolved": "https://registry.npmjs.org/@pixi/particles/-/particles-5.2.1.tgz",
      "integrity": "sha512-hl585Gwl/Zuim2cnvmYauhtE3Y5JCsbgqSN6FEUjdDVh142WbuX764sa1ogq7UcPgvle5zNpl9VjP8j3mm4u0w==",
      "requires": {
        "@pixi/constants": "5.2.1",
        "@pixi/core": "5.2.1",
        "@pixi/display": "5.2.1",
        "@pixi/math": "5.2.1",
        "@pixi/utils": "5.2.1"
      }
    },
    "@pixi/polyfill": {
      "version": "5.2.1",
      "resolved": "https://registry.npmjs.org/@pixi/polyfill/-/polyfill-5.2.1.tgz",
      "integrity": "sha512-qJ+Wgp9rhdv94zvA3+rmdvcbDun2VgCIXly+4t1vv1H0Z4YcE/6J4Psz1A3uRQk0AiIcgDNb79bqVNDOkJJp0A==",
      "requires": {
        "es6-promise-polyfill": "^1.2.0",
        "object-assign": "^4.1.1"
      }
    },
    "@pixi/prepare": {
      "version": "5.2.1",
      "resolved": "https://registry.npmjs.org/@pixi/prepare/-/prepare-5.2.1.tgz",
      "integrity": "sha512-UQKkvtUmJda22027pB/BER5G8EGA5mD70rTsMzCVN/lvSQW1etX7sVxSSfeXgnBp9xm9mwl4oiIsWN1yGspgxQ==",
      "requires": {
        "@pixi/core": "5.2.1",
        "@pixi/display": "5.2.1",
        "@pixi/graphics": "5.2.1",
        "@pixi/settings": "5.2.1",
        "@pixi/text": "5.2.1",
        "@pixi/ticker": "5.2.1"
      }
    },
    "@pixi/runner": {
      "version": "5.2.1",
      "resolved": "https://registry.npmjs.org/@pixi/runner/-/runner-5.2.1.tgz",
      "integrity": "sha512-nhU3HaYb3EJ6zHU20b1jU6pD7vQp3OXoAtAVBzqPMR/oWMkeEm4dDvp1PwbCbZPUGoT7mLfQ//5maufue1MPqA=="
    },
    "@pixi/settings": {
      "version": "5.2.1",
      "resolved": "https://registry.npmjs.org/@pixi/settings/-/settings-5.2.1.tgz",
      "integrity": "sha512-QQfCywlYrWKUekn06P2hy1KR5MYXUyqVU0fbqEItjsH3RvN0LzE9ry2sDxf53qQ2/uCjKDXcT59YV9JcHEfwHA==",
      "requires": {
        "ismobilejs": "^1.0.3"
      }
    },
    "@pixi/sprite": {
      "version": "5.2.1",
      "resolved": "https://registry.npmjs.org/@pixi/sprite/-/sprite-5.2.1.tgz",
      "integrity": "sha512-F2BrLpyVswTbYXQFPBf8QpyfwH0T/Vft+PPxMNHya0eg2UiYZJFYLxhmbSIJLD+bWMRbSnQRq0M+rHhVVtXt2Q==",
      "requires": {
        "@pixi/constants": "5.2.1",
        "@pixi/core": "5.2.1",
        "@pixi/display": "5.2.1",
        "@pixi/math": "5.2.1",
        "@pixi/settings": "5.2.1",
        "@pixi/utils": "5.2.1"
      }
    },
    "@pixi/sprite-animated": {
      "version": "5.2.1",
      "resolved": "https://registry.npmjs.org/@pixi/sprite-animated/-/sprite-animated-5.2.1.tgz",
      "integrity": "sha512-FwYHhDWEmeQPZPEW+iwG+jMYM1h7hHMzOOMsR7fda1s2hVcYMK/RPAg2oWDFjx03nBFSMu4HjqUQn1lUmnp5Kw==",
      "requires": {
        "@pixi/core": "5.2.1",
        "@pixi/sprite": "5.2.1",
        "@pixi/ticker": "5.2.1"
      }
    },
    "@pixi/sprite-tiling": {
      "version": "5.2.1",
      "resolved": "https://registry.npmjs.org/@pixi/sprite-tiling/-/sprite-tiling-5.2.1.tgz",
      "integrity": "sha512-1BuskMYmyctmIzqi5CidTFZCr23+ROwGKsynNFAVzzbRlBaAhTNveiY9mt9QJ+Pd2hugh0vY31IMMDuMqsE7Uw==",
      "requires": {
        "@pixi/constants": "5.2.1",
        "@pixi/core": "5.2.1",
        "@pixi/display": "5.2.1",
        "@pixi/math": "5.2.1",
        "@pixi/sprite": "5.2.1",
        "@pixi/utils": "5.2.1"
      }
    },
    "@pixi/spritesheet": {
      "version": "5.2.1",
      "resolved": "https://registry.npmjs.org/@pixi/spritesheet/-/spritesheet-5.2.1.tgz",
      "integrity": "sha512-Enj1FFhRtq3cUuctyPCLoGsudnGe9nD+gfs9UbOy1HXIZNd+uXhItZSIEjAoHgPSUzXprgCWaZrgrOD4KjW/tA==",
      "requires": {
        "@pixi/core": "5.2.1",
        "@pixi/loaders": "5.2.1",
        "@pixi/math": "5.2.1",
        "@pixi/utils": "5.2.1"
      }
    },
    "@pixi/text": {
      "version": "5.2.1",
      "resolved": "https://registry.npmjs.org/@pixi/text/-/text-5.2.1.tgz",
      "integrity": "sha512-SqpyyVTCx8ZioibK0Jnf3wHZWSdLGlZ8tK+uEuf2Hrv533ZHcF8fYsruWG8L9WFwXSGVCWcN/qEwivpAdWoMvA==",
      "requires": {
        "@pixi/core": "5.2.1",
        "@pixi/math": "5.2.1",
        "@pixi/settings": "5.2.1",
        "@pixi/sprite": "5.2.1",
        "@pixi/utils": "5.2.1"
      }
    },
    "@pixi/text-bitmap": {
      "version": "5.2.1",
      "resolved": "https://registry.npmjs.org/@pixi/text-bitmap/-/text-bitmap-5.2.1.tgz",
      "integrity": "sha512-K5d40LZdcVgzUFfWeuVjYHWS/8MWcbilp01SBljJ8JZdjTWC32eYrlhoCfnGBgiT0WFX3nH16kMi/dYRtwGJEQ==",
      "requires": {
        "@pixi/core": "5.2.1",
        "@pixi/display": "5.2.1",
        "@pixi/loaders": "5.2.1",
        "@pixi/math": "5.2.1",
        "@pixi/settings": "5.2.1",
        "@pixi/sprite": "5.2.1",
        "@pixi/utils": "5.2.1"
      }
    },
    "@pixi/ticker": {
      "version": "5.2.1",
      "resolved": "https://registry.npmjs.org/@pixi/ticker/-/ticker-5.2.1.tgz",
      "integrity": "sha512-xC2kfTjmThjo9VO28snfgvpLEJRzseTPBLP+LFn9fBqmuL17Pw+/eXgWsrTeizEOiTy+4NsaplMWdRs91UM8uw==",
      "requires": {
        "@pixi/settings": "5.2.1"
      }
    },
    "@pixi/utils": {
      "version": "5.2.1",
      "resolved": "https://registry.npmjs.org/@pixi/utils/-/utils-5.2.1.tgz",
      "integrity": "sha512-JKa/IDKK3cbwrJbhU4q3hdN5tPTsuiWco+WDSlEWq6vblrwJkhI+0dRQkooo2fL+Tso7k+hWQ+4k95YapTX5Og==",
      "requires": {
        "@pixi/constants": "5.2.1",
        "@pixi/settings": "5.2.1",
        "earcut": "^2.1.5",
        "eventemitter3": "^3.1.0",
        "url": "^0.11.0"
      }
    },
    "big.js": {
      "version": "5.2.2",
      "resolved": "https://registry.npmjs.org/big.js/-/big.js-5.2.2.tgz",
      "integrity": "sha512-vyL2OymJxmarO8gxMr0mhChsO9QGwhynfuu4+MHTAW6czfq9humCB7rKpUjDd9YUiDPU4mzpyupFSvOClAwbmQ=="
    },
    "core-js": {
      "version": "3.6.4",
      "resolved": "https://registry.npmjs.org/core-js/-/core-js-3.6.4.tgz",
      "integrity": "sha512-4paDGScNgZP2IXXilaffL9X7968RuvwlkK3xWtZRVqgd8SYNiVKRJvkFd1aqqEuPfN7E68ZHEp9hDj6lHj4Hyw=="
    },
    "earcut": {
      "version": "2.2.2",
      "resolved": "https://registry.npmjs.org/earcut/-/earcut-2.2.2.tgz",
      "integrity": "sha512-eZoZPPJcUHnfRZ0PjLvx2qBordSiO8ofC3vt+qACLM95u+4DovnbYNpQtJh0DNsWj8RnxrQytD4WA8gj5cRIaQ=="
    },
    "emojis-list": {
      "version": "3.0.0",
      "resolved": "https://registry.npmjs.org/emojis-list/-/emojis-list-3.0.0.tgz",
      "integrity": "sha512-/kyM18EfinwXZbno9FyUGeFh87KC8HRQBQGildHZbEuRyWFOmv1U10o9BBp8XVZDVNNuQKyIGIu5ZYAAXJ0V2Q=="
    },
    "es6-promise-polyfill": {
      "version": "1.2.0",
      "resolved": "https://registry.npmjs.org/es6-promise-polyfill/-/es6-promise-polyfill-1.2.0.tgz",
      "integrity": "sha1-84kl8jyz4+jObNqP93T867sJDN4="
    },
    "eventemitter3": {
      "version": "3.1.2",
      "resolved": "https://registry.npmjs.org/eventemitter3/-/eventemitter3-3.1.2.tgz",
      "integrity": "sha512-tvtQIeLVHjDkJYnzf2dgVMxfuSGJeM/7UCG17TT4EumTfNtF+0nebF/4zWOIkCreAbtNqhGEboB6BWrwqNaw4Q=="
    },
    "exports-loader": {
      "version": "0.7.0",
      "resolved": "https://registry.npmjs.org/exports-loader/-/exports-loader-0.7.0.tgz",
      "integrity": "sha512-RKwCrO4A6IiKm0pG3c9V46JxIHcDplwwGJn6+JJ1RcVnh/WSGJa0xkmk5cRVtgOPzCAtTMGj2F7nluh9L0vpSA==",
      "requires": {
        "loader-utils": "^1.1.0",
        "source-map": "0.5.0"
      },
      "dependencies": {
        "source-map": {
          "version": "0.5.0",
          "resolved": "https://registry.npmjs.org/source-map/-/source-map-0.5.0.tgz",
          "integrity": "sha1-D+llA6yGpa213mP05BKuSHLNvoY="
        }
      }
    },
    "imports-loader": {
      "version": "0.8.0",
      "resolved": "https://registry.npmjs.org/imports-loader/-/imports-loader-0.8.0.tgz",
      "integrity": "sha512-kXWL7Scp8KQ4552ZcdVTeaQCZSLW+e6nJfp3cwUMB673T7Hr98Xjx5JK+ql7ADlJUvj1JS5O01RLbKoutN5QDQ==",
      "requires": {
        "loader-utils": "^1.0.2",
        "source-map": "^0.6.1"
      },
      "dependencies": {
        "source-map": {
          "version": "0.6.1",
          "resolved": "https://registry.npmjs.org/source-map/-/source-map-0.6.1.tgz",
          "integrity": "sha512-UjgapumWlbMhkBgzT7Ykc5YXUT46F0iKu8SGXq0bcwP5dz/h0Plj6enJqjz1Zbq2l5WaqYnrVbwWOWMyF3F47g=="
        }
      }
    },
    "ismobilejs": {
      "version": "1.0.3",
      "resolved": "https://registry.npmjs.org/ismobilejs/-/ismobilejs-1.0.3.tgz",
      "integrity": "sha512-6rTcdWK7PHIWPYlCPdTbU9eE9yzdnIQSpiH+8Ln5OqugpEszQK5KHlsjZrDae26fEhki9rPvQmsjI1q4CLuKIA=="
    },
    "jquery": {
      "version": "3.4.1",
      "resolved": "https://registry.npmjs.org/jquery/-/jquery-3.4.1.tgz",
      "integrity": "sha512-36+AdBzCL+y6qjw5Tx7HgzeGCzC81MDDgaUP8ld2zhx58HdqXGoBd+tHdrBMiyjGQs0Hxs/MLZTu/eHNJJuWPw=="
    },
    "json5": {
      "version": "1.0.1",
      "resolved": "https://registry.npmjs.org/json5/-/json5-1.0.1.tgz",
      "integrity": "sha512-aKS4WQjPenRxiQsC93MNfjx+nbF4PAdYzmd/1JIj8HYzqfbu86beTuNgXDzPknWk0n0uARlyewZo4s++ES36Ow==",
      "requires": {
        "minimist": "^1.2.0"
      }
    },
    "loader-utils": {
      "version": "1.4.0",
      "resolved": "https://registry.npmjs.org/loader-utils/-/loader-utils-1.4.0.tgz",
      "integrity": "sha512-qH0WSMBtn/oHuwjy/NucEgbx5dbxxnxup9s4PVXJUDHZBQY+s0NWA9rJf53RBnQZxfch7euUui7hpoAPvALZdA==",
      "requires": {
        "big.js": "^5.2.2",
        "emojis-list": "^3.0.0",
        "json5": "^1.0.1"
      }
    },
    "lodash-es": {
      "version": "4.17.15",
      "resolved": "https://registry.npmjs.org/lodash-es/-/lodash-es-4.17.15.tgz",
      "integrity": "sha512-rlrc3yU3+JNOpZ9zj5pQtxnx2THmvRykwL4Xlxoa8I9lHBlVbbyPhgyPMioxVZ4NqyxaVVtaJnzsyOidQIhyyQ=="
    },
    "mini-signals": {
      "version": "1.2.0",
      "resolved": "https://registry.npmjs.org/mini-signals/-/mini-signals-1.2.0.tgz",
      "integrity": "sha1-RbCAE8X65RokqhqTXNMXye1yHXQ="
    },
    "minimist": {
      "version": "1.2.5",
      "resolved": "https://registry.npmjs.org/minimist/-/minimist-1.2.5.tgz",
      "integrity": "sha512-FM9nNUYrRBAELZQT3xeZQ7fmMOBg6nWNmJKTcgsJeaLstP/UODVpGsr5OhXhhXg6f+qtJ8uiZ+PUxkDWcgIXLw=="
    },
    "moment": {
      "version": "2.24.0",
      "resolved": "https://registry.npmjs.org/moment/-/moment-2.24.0.tgz",
      "integrity": "sha512-bV7f+6l2QigeBBZSM/6yTNq4P2fNpSWj/0e7jQcy87A8e7o2nAfP/34/2ky5Vw4B9S446EtIhodAzkFCcR4dQg=="
    },
    "object-assign": {
      "version": "4.1.1",
      "resolved": "https://registry.npmjs.org/object-assign/-/object-assign-4.1.1.tgz",
      "integrity": "sha1-IQmtx5ZYh8/AXLvUQsrIv7s2CGM="
    },
    "parse-uri": {
      "version": "1.0.0",
      "resolved": "https://registry.npmjs.org/parse-uri/-/parse-uri-1.0.0.tgz",
      "integrity": "sha1-KHLcwi8aeXrN4Vg9igrClVLdrCA="
    },
    "path": {
      "version": "0.12.7",
      "resolved": "https://registry.npmjs.org/path/-/path-0.12.7.tgz",
      "integrity": "sha1-1NwqUGxM4hl+tIHr/NWzbAFAsQ8=",
      "requires": {
        "process": "^0.11.1",
        "util": "^0.10.3"
      },
      "dependencies": {
        "inherits": {
          "version": "2.0.3",
          "resolved": "https://registry.npmjs.org/inherits/-/inherits-2.0.3.tgz",
          "integrity": "sha1-Yzwsg+PaQqUC9SRmAiSA9CCCYd4="
        },
        "util": {
          "version": "0.10.4",
          "resolved": "https://registry.npmjs.org/util/-/util-0.10.4.tgz",
          "integrity": "sha512-0Pm9hTQ3se5ll1XihRic3FDIku70C+iHUdT/W926rSgHV5QgXsYbKZN8MSC3tJtSkhuROzvsQjAaFENRXr+19A==",
          "requires": {
            "inherits": "2.0.3"
          }
        }
      }
    },
    "phaser": {
      "version": "3.22.0",
      "resolved": "https://registry.npmjs.org/phaser/-/phaser-3.22.0.tgz",
      "integrity": "sha512-tTmLlnsz+NU9nnVq7jwy1pprpNo1+oFTWlMoSk76VJIdvQ0UIxNXToSijq/Ku2K4PqEuUY4QSYYHxmKv0Mbzhw==",
      "requires": {
        "eventemitter3": "^3.1.0",
        "exports-loader": "^0.7.0",
        "imports-loader": "^0.8.0",
        "path": "^0.12.7"
      }
    },
    "pixi.js": {
      "version": "5.2.1",
      "resolved": "https://registry.npmjs.org/pixi.js/-/pixi.js-5.2.1.tgz",
      "integrity": "sha512-jmkxchTmotiJN/mOS6+kGEjBOhHxAfx4JuWsJGe+uix1J88wdM9iNYFjuib+ITXrLxo0OrC6EhQgNE9jzZWgcg==",
      "requires": {
        "@pixi/accessibility": "5.2.1",
        "@pixi/app": "5.2.1",
        "@pixi/constants": "5.2.1",
        "@pixi/core": "5.2.1",
        "@pixi/display": "5.2.1",
        "@pixi/extract": "5.2.1",
        "@pixi/filter-alpha": "5.2.1",
        "@pixi/filter-blur": "5.2.1",
        "@pixi/filter-color-matrix": "5.2.1",
        "@pixi/filter-displacement": "5.2.1",
        "@pixi/filter-fxaa": "5.2.1",
        "@pixi/filter-noise": "5.2.1",
        "@pixi/graphics": "5.2.1",
        "@pixi/interaction": "5.2.1",
        "@pixi/loaders": "5.2.1",
        "@pixi/math": "5.2.1",
        "@pixi/mesh": "5.2.1",
        "@pixi/mesh-extras": "5.2.1",
        "@pixi/mixin-cache-as-bitmap": "5.2.1",
        "@pixi/mixin-get-child-by-name": "5.2.1",
        "@pixi/mixin-get-global-position": "5.2.1",
        "@pixi/particles": "5.2.1",
        "@pixi/polyfill": "5.2.1",
        "@pixi/prepare": "5.2.1",
        "@pixi/runner": "5.2.1",
        "@pixi/settings": "5.2.1",
        "@pixi/sprite": "5.2.1",
        "@pixi/sprite-animated": "5.2.1",
        "@pixi/sprite-tiling": "5.2.1",
        "@pixi/spritesheet": "5.2.1",
        "@pixi/text": "5.2.1",
        "@pixi/text-bitmap": "5.2.1",
        "@pixi/ticker": "5.2.1",
        "@pixi/utils": "5.2.1"
      }
    },
    "process": {
      "version": "0.11.10",
      "resolved": "https://registry.npmjs.org/process/-/process-0.11.10.tgz",
      "integrity": "sha1-czIwDoQBYb2j5podHZGn1LwW8YI="
    },
    "querystring": {
      "version": "0.2.0",
      "resolved": "https://registry.npmjs.org/querystring/-/querystring-0.2.0.tgz",
      "integrity": "sha1-sgmEkgO7Jd+CDadW50cAWHhSFiA="
    },
    "resource-loader": {
      "version": "3.0.1",
      "resolved": "https://registry.npmjs.org/resource-loader/-/resource-loader-3.0.1.tgz",
      "integrity": "sha512-fBuCRbEHdLCI1eglzQhUv9Rrdcmqkydr1r6uHE2cYHvRBrcLXeSmbE/qI/urFt8rPr/IGxir3BUwM5kUK8XoyA==",
      "requires": {
        "mini-signals": "^1.2.0",
        "parse-uri": "^1.0.0"
      }
    },
    "three": {
      "version": "0.114.0",
      "resolved": "https://registry.npmjs.org/three/-/three-0.114.0.tgz",
      "integrity": "sha512-3av45FxJeqYm7Rl02dfGBoqTaf2a934oUB4zMNrN8xjmASoSGeeykYoAr35+UntTdJDY/STw6CY3KuXFBWETig=="
    },
    "url": {
      "version": "0.11.0",
      "resolved": "https://registry.npmjs.org/url/-/url-0.11.0.tgz",
      "integrity": "sha1-ODjpfPxgUh63PFJajlW/3Z4uKPE=",
      "requires": {
        "punycode": "1.3.2",
        "querystring": "0.2.0"
      },
      "dependencies": {
        "punycode": {
          "version": "1.3.2",
          "resolved": "https://registry.npmjs.org/punycode/-/punycode-1.3.2.tgz",
          "integrity": "sha1-llOgNvt8HuQjQvIyXM7v6jkmxI0="
        }
      }
    }
  }
}
